<?xml version="1.0" encoding="utf-8"?>
<Project ToolsVersion="4.0" xmlns="http://schemas.microsoft.com/developer/msbuild/2003">
  <ItemGroup>
    <CudaCompile Include="Kernels\CollisionDetectionCUDA.cu">
      <Filter>Kernels</Filter>
    </CudaCompile>
    <CudaCompile Include="Kernels\CollisionHandlingCUDA.cu">
      <Filter>Kernels</Filter>
    </CudaCompile>
    <CudaCompile Include="Kernels\generateBVH.cu">
      <Filter>Kernels</Filter>
    </CudaCompile>
    <CudaCompile Include="animationKernel.cu">
      <Filter>Kernels</Filter>
    </CudaCompile>
    <CudaCompile Include="Kernels\initializationKernel.cu">
      <Filter>Kernels</Filter>
    </CudaCompile>
    <CudaCompile Include="cleanupKernel.cu">
      <Filter>Kernels</Filter>
    </CudaCompile>
    <CudaCompile Include="updateKernel.cu">
      <Filter>Kernels</Filter>
    </CudaCompile>
  </ItemGroup>
  <ItemGroup>
    <ClCompile Include="Source\main.cpp">
      <Filter>Source</Filter>
    </ClCompile>
    <ClCompile Include="Source\objModel.cpp">
      <Filter>Source</Filter>
    </ClCompile>
    <ClCompile Include="Source\Renderable.cpp">
      <Filter>Source</Filter>
    </ClCompile>
    <ClCompile Include="Source\Renderable_GL3.cpp">
      <Filter>Source</Filter>
    </ClCompile>
    <ClCompile Include="Source\RigidBody.cpp">
      <Filter>Source</Filter>
    </ClCompile>
    <ClCompile Include="Source\Shader.cpp">
      <Filter>Source</Filter>
    </ClCompile>
    <ClCompile Include="Source\texture.cpp">
      <Filter>Source</Filter>
    </ClCompile>
    <ClCompile Include="Source\vertexBufferObject.cpp">
      <Filter>Source</Filter>
    </ClCompile>
    <ClCompile Include="Source\Viewer.cpp">
      <Filter>Source</Filter>
    </ClCompile>
    <ClCompile Include="Source\Viewer_GL3.cpp">
      <Filter>Source</Filter>
    </ClCompile>
    <ClCompile Include="Source\VirtualWorld.cpp">
      <Filter>Source</Filter>
    </ClCompile>
    <ClCompile Include="Source\WindowsHandler.cpp">
      <Filter>Source</Filter>
    </ClCompile>
    <ClCompile Include="Source\PhysicsEngineCUDA.cpp">
      <Filter>Source</Filter>
    </ClCompile>
  </ItemGroup>
  <ItemGroup>
    <ClInclude Include="Headers\common_header.h">
      <Filter>Headers</Filter>
    </ClInclude>
    <ClInclude Include="Headers\objModel.h">
      <Filter>Headers</Filter>
    </ClInclude>
    <ClInclude Include="Headers\PhysicsEngine.h">
      <Filter>Headers</Filter>
    </ClInclude>
    <ClInclude Include="Headers\Primitives.h">
      <Filter>Headers</Filter>
    </ClInclude>
    <ClInclude Include="Headers\Renderable.h">
      <Filter>Headers</Filter>
    </ClInclude>
    <ClInclude Include="Headers\Renderable_GL3.h">
      <Filter>Headers</Filter>
    </ClInclude>
    <ClInclude Include="Headers\RigidBody.h">
      <Filter>Headers</Filter>
    </ClInclude>
    <ClInclude Include="Headers\Shader.h">
      <Filter>Headers</Filter>
    </ClInclude>
    <ClInclude Include="Headers\texture.h">
      <Filter>Headers</Filter>
    </ClInclude>
    <ClInclude Include="Headers\vertexBufferObject.h">
      <Filter>Headers</Filter>
    </ClInclude>
    <ClInclude Include="Headers\Viewer.h">
      <Filter>Headers</Filter>
    </ClInclude>
    <ClInclude Include="Headers\Viewer_GL3.h">
      <Filter>Headers</Filter>
    </ClInclude>
    <ClInclude Include="Headers\VirtualObject.h">
      <Filter>Headers</Filter>
    </ClInclude>
    <ClInclude Include="Headers\VirtualWorld.h">
      <Filter>Headers</Filter>
    </ClInclude>
    <ClInclude Include="Headers\WindowsHandler.h">
      <Filter>Headers</Filter>
    </ClInclude>
    <ClInclude Include="Headers\PhysicsEngineCUDA.h">
      <Filter>Headers</Filter>
    </ClInclude>
    <ClInclude Include="cudaAuxiliary.h" />
  </ItemGroup>
  <ItemGroup>
    <Filter Include="Headers">
      <UniqueIdentifier>{1299a4d6-734c-43d9-a11e-ef65628bfdfa}</UniqueIdentifier>
    </Filter>
    <Filter Include="Source">
      <UniqueIdentifier>{81a2acb4-c969-42c4-a613-f23bf749bbb2}</UniqueIdentifier>
    </Filter>
    <Filter Include="Kernels">
      <UniqueIdentifier>{ced2ad30-a83a-421e-99f5-4cfc9be932e9}</UniqueIdentifier>
    </Filter>
  </ItemGroup>
</Project>